
Microsoft Visual Studio Solution File, Format Version 12.00
Project("{FAE04EC0-301F-11D3-BF4B-00C04F79EFBC}") = "BadmintonShopAPI", "BadmintonShopAPI\BadmintonShopAPI.csproj", "{B4B4ACD0-317E-4673-B69E-AA8DD6F63F43}"
EndProject
Project("{2150E333-8FDC-42A3-9474-1A3956D46DE8}") = "Hosts", "Hosts", "{4445C63E-57CD-4667-92DE-32A43DE08A62}"
EndProject
Project("{2150E333-8FDC-42A3-9474-1A3956D46DE8}") = "Domain", "Domain", "{809C00EE-6F22-46A0-9652-536DAA21862E}"
EndProject
Project("{2150E333-8FDC-42A3-9474-1A3956D46DE8}") = "Application", "Application", "{937BA1FD-C167-4D12-B4BB-496040740A5D}"
EndProject
Project("{FAE04EC0-301F-11D3-BF4B-00C04F79EFBC}") = "BusinessObjects", "BusinessObjects\BusinessObjects.csproj", "{8B251809-3D65-48DC-A7A4-D5143C186A59}"
EndProject
Project("{FAE04EC0-301F-11D3-BF4B-00C04F79EFBC}") = "Repositories", "Repositories\Repositories.csproj", "{59D1D03D-C300-4065-ACB2-CB38B8D447ED}"
EndProject
Project("{FAE04EC0-301F-11D3-BF4B-00C04F79EFBC}") = "Services", "Services\Services.csproj", "{34399D29-7753-4341-840F-A0465B5F8EBF}"
EndProject
Project("{FAE04EC0-301F-11D3-BF4B-00C04F79EFBC}") = "BadmintonShopRazor", "BadmintonShopRazor\BadmintonShopRazor.csproj", "{FE1A31E0-C80A-4DB4-82D6-2AFF6324C037}"
EndProject
Project("{2150E333-8FDC-42A3-9474-1A3956D46DE8}") = "Infrastructure", "Infrastructure", "{1EC9042A-E365-44BB-A1E7-F77ED145839F}"
EndProject
Project("{FAE04EC0-301F-11D3-BF4B-00C04F79EFBC}") = "Infrastructure", "Infrastructure\Infrastructure.csproj", "{A65BA0EF-697F-499C-94C4-6CE1F4D796A0}"
EndProject
Global
	GlobalSection(SolutionConfigurationPlatforms) = preSolution
		Debug|Any CPU = Debug|Any CPU
		Release|Any CPU = Release|Any CPU
	EndGlobalSection
	GlobalSection(ProjectConfigurationPlatforms) = postSolution
		{B4B4ACD0-317E-4673-B69E-AA8DD6F63F43}.Debug|Any CPU.ActiveCfg = Debug|Any CPU
		{B4B4ACD0-317E-4673-B69E-AA8DD6F63F43}.Debug|Any CPU.Build.0 = Debug|Any CPU
		{B4B4ACD0-317E-4673-B69E-AA8DD6F63F43}.Release|Any CPU.ActiveCfg = Release|Any CPU
		{B4B4ACD0-317E-4673-B69E-AA8DD6F63F43}.Release|Any CPU.Build.0 = Release|Any CPU
		{8B251809-3D65-48DC-A7A4-D5143C186A59}.Debug|Any CPU.ActiveCfg = Debug|Any CPU
		{8B251809-3D65-48DC-A7A4-D5143C186A59}.Debug|Any CPU.Build.0 = Debug|Any CPU
		{8B251809-3D65-48DC-A7A4-D5143C186A59}.Release|Any CPU.ActiveCfg = Release|Any CPU
		{8B251809-3D65-48DC-A7A4-D5143C186A59}.Release|Any CPU.Build.0 = Release|Any CPU
		{59D1D03D-C300-4065-ACB2-CB38B8D447ED}.Debug|Any CPU.ActiveCfg = Debug|Any CPU
		{59D1D03D-C300-4065-ACB2-CB38B8D447ED}.Debug|Any CPU.Build.0 = Debug|Any CPU
		{59D1D03D-C300-4065-ACB2-CB38B8D447ED}.Release|Any CPU.ActiveCfg = Release|Any CPU
		{59D1D03D-C300-4065-ACB2-CB38B8D447ED}.Release|Any CPU.Build.0 = Release|Any CPU
		{34399D29-7753-4341-840F-A0465B5F8EBF}.Debug|Any CPU.ActiveCfg = Debug|Any CPU
		{34399D29-7753-4341-840F-A0465B5F8EBF}.Debug|Any CPU.Build.0 = Debug|Any CPU
		{34399D29-7753-4341-840F-A0465B5F8EBF}.Release|Any CPU.ActiveCfg = Release|Any CPU
		{34399D29-7753-4341-840F-A0465B5F8EBF}.Release|Any CPU.Build.0 = Release|Any CPU
		{FE1A31E0-C80A-4DB4-82D6-2AFF6324C037}.Debug|Any CPU.ActiveCfg = Debug|Any CPU
		{FE1A31E0-C80A-4DB4-82D6-2AFF6324C037}.Debug|Any CPU.Build.0 = Debug|Any CPU
		{FE1A31E0-C80A-4DB4-82D6-2AFF6324C037}.Release|Any CPU.ActiveCfg = Release|Any CPU
		{FE1A31E0-C80A-4DB4-82D6-2AFF6324C037}.Release|Any CPU.Build.0 = Release|Any CPU
		{A65BA0EF-697F-499C-94C4-6CE1F4D796A0}.Debug|Any CPU.ActiveCfg = Debug|Any CPU
		{A65BA0EF-697F-499C-94C4-6CE1F4D796A0}.Debug|Any CPU.Build.0 = Debug|Any CPU
		{A65BA0EF-697F-499C-94C4-6CE1F4D796A0}.Release|Any CPU.ActiveCfg = Release|Any CPU
		{A65BA0EF-697F-499C-94C4-6CE1F4D796A0}.Release|Any CPU.Build.0 = Release|Any CPU
	EndGlobalSection
	GlobalSection(NestedProjects) = preSolution
		{B4B4ACD0-317E-4673-B69E-AA8DD6F63F43} = {4445C63E-57CD-4667-92DE-32A43DE08A62}
		{8B251809-3D65-48DC-A7A4-D5143C186A59} = {809C00EE-6F22-46A0-9652-536DAA21862E}
		{59D1D03D-C300-4065-ACB2-CB38B8D447ED} = {937BA1FD-C167-4D12-B4BB-496040740A5D}
		{34399D29-7753-4341-840F-A0465B5F8EBF} = {937BA1FD-C167-4D12-B4BB-496040740A5D}
		{FE1A31E0-C80A-4DB4-82D6-2AFF6324C037} = {4445C63E-57CD-4667-92DE-32A43DE08A62}
		{A65BA0EF-697F-499C-94C4-6CE1F4D796A0} = {1EC9042A-E365-44BB-A1E7-F77ED145839F}
	EndGlobalSection
EndGlobal
